
Microsoft Visual Studio Solution File, Format Version 12.00
# Visual Studio 15
Project("{FAE04EC0-301F-11D3-BF4B-00C04F79EFBC}") = "Assembly-CSharp", "Assembly-CSharp.csproj", "{A0FDE673-31E6-872E-23FF-3F8A59B22505}"
EndProject
Project("{FAE04EC0-301F-11D3-BF4B-00C04F79EFBC}") = "Assembly-CSharp-Editor", "Assembly-CSharp-Editor.csproj", "{ABB4CD18-6293-D57B-4143-AF767DB75526}"
EndProject
Global
	GlobalSection(SolutionConfigurationPlatforms) = preSolution
		Debug|Any CPU = Debug|Any CPU
		Release|Any CPU = Release|Any CPU
	EndGlobalSection
	GlobalSection(ProjectConfigurationPlatforms) = postSolution
		{A0FDE673-31E6-872E-23FF-3F8A59B22505}.Debug|Any CPU.ActiveCfg = Debug|Any CPU
		{A0FDE673-31E6-872E-23FF-3F8A59B22505}.Debug|Any CPU.Build.0 = Debug|Any CPU
		{A0FDE673-31E6-872E-23FF-3F8A59B22505}.Release|Any CPU.ActiveCfg = Release|Any CPU
		{A0FDE673-31E6-872E-23FF-3F8A59B22505}.Release|Any CPU.Build.0 = Release|Any CPU
		{ABB4CD18-6293-D57B-4143-AF767DB75526}.Debug|Any CPU.ActiveCfg = Debug|Any CPU
		{ABB4CD18-6293-D57B-4143-AF767DB75526}.Debug|Any CPU.Build.0 = Debug|Any CPU
		{ABB4CD18-6293-D57B-4143-AF767DB75526}.Release|Any CPU.ActiveCfg = Release|Any CPU
		{ABB4CD18-6293-D57B-4143-AF767DB75526}.Release|Any CPU.Build.0 = Release|Any CPU
	EndGlobalSection
	GlobalSection(SolutionProperties) = preSolution
		HideSolutionNode = FALSE
	EndGlobalSection
EndGlobal
